// !$*UTF8*$!
{
	archiveVersion = 1;
	classes = {
	};
	objectVersion = 46;
	objects = {

/* Begin PBXBuildFile section */
		2B678F961DB9CC4C006EBA23 /* main.m in Sources */ = {isa = PBXBuildFile; fileRef = 2B678F951DB9CC4C006EBA23 /* main.m */; };
		2B678F9F1DB9CC4C006EBA23 /* Main.storyboard in Resources */ = {isa = PBXBuildFile; fileRef = 2B678F9D1DB9CC4C006EBA23 /* Main.storyboard */; };
		2B678FA11DB9CC4C006EBA23 /* Assets.xcassets in Resources */ = {isa = PBXBuildFile; fileRef = 2B678FA01DB9CC4C006EBA23 /* Assets.xcassets */; };
		2B678FA41DB9CC4C006EBA23 /* LaunchScreen.storyboard in Resources */ = {isa = PBXBuildFile; fileRef = 2B678FA21DB9CC4C006EBA23 /* LaunchScreen.storyboard */; };
		2B678FAF1DB9CC4C006EBA23 /* structure_ocTests.m in Sources */ = {isa = PBXBuildFile; fileRef = 2B678FAE1DB9CC4C006EBA23 /* structure_ocTests.m */; };
		2B678FBA1DB9CC4C006EBA23 /* structure_ocUITests.m in Sources */ = {isa = PBXBuildFile; fileRef = 2B678FB91DB9CC4C006EBA23 /* structure_ocUITests.m */; };
		2B678FD11DB9E052006EBA23 /* AppDelegate.m in Sources */ = {isa = PBXBuildFile; fileRef = 2B678FD01DB9E052006EBA23 /* AppDelegate.m */; };
		6F0C6DCCAB6B9BA7A505C860 /* libPods-structure-oc.a in Frameworks */ = {isa = PBXBuildFile; fileRef = A2C87F6757883C33DCA49EA3 /* libPods-structure-oc.a */; };
		9CC115354B8790C8261B8F0D /* libPods-structure-ocUITests.a in Frameworks */ = {isa = PBXBuildFile; fileRef = 6663E171F6B53572F1A5EB4E /* libPods-structure-ocUITests.a */; };
		C1E0331249FDA1DE6DC67BF7 /* libPods-structure-ocTests.a in Frameworks */ = {isa = PBXBuildFile; fileRef = 2FEC1E9B76A1697DD1E30C98 /* libPods-structure-ocTests.a */; };
/* End PBXBuildFile section */

/* Begin PBXContainerItemProxy section */
		2B678FAB1DB9CC4C006EBA23 /* PBXContainerItemProxy */ = {
			isa = PBXContainerItemProxy;
			containerPortal = 2B678F891DB9CC4C006EBA23 /* Project object */;
			proxyType = 1;
			remoteGlobalIDString = 2B678F901DB9CC4C006EBA23;
			remoteInfo = "structure-oc";
		};
		2B678FB61DB9CC4C006EBA23 /* PBXContainerItemProxy */ = {
			isa = PBXContainerItemProxy;
			containerPortal = 2B678F891DB9CC4C006EBA23 /* Project object */;
			proxyType = 1;
			remoteGlobalIDString = 2B678F901DB9CC4C006EBA23;
			remoteInfo = "structure-oc";
		};
/* End PBXContainerItemProxy section */

/* Begin PBXFileReference section */
		0050C9F1A1A9D3C1D61618F4 /* Pods-structure-ocUITests.release.xcconfig */ = {isa = PBXFileReference; includeInIndex = 1; lastKnownFileType = text.xcconfig; name = "Pods-structure-ocUITests.release.xcconfig"; path = "Pods/Target Support Files/Pods-structure-ocUITests/Pods-structure-ocUITests.release.xcconfig"; sourceTree = "<group>"; };
		06E0121DAB884BB67673ECEE /* Pods-structure-oc.debug.xcconfig */ = {isa = PBXFileReference; includeInIndex = 1; lastKnownFileType = text.xcconfig; name = "Pods-structure-oc.debug.xcconfig"; path = "Pods/Target Support Files/Pods-structure-oc/Pods-structure-oc.debug.xcconfig"; sourceTree = "<group>"; };
		2B678F911DB9CC4C006EBA23 /* structure-oc.app */ = {isa = PBXFileReference; explicitFileType = wrapper.application; includeInIndex = 0; path = "structure-oc.app"; sourceTree = BUILT_PRODUCTS_DIR; };
		2B678F951DB9CC4C006EBA23 /* main.m */ = {isa = PBXFileReference; lastKnownFileType = sourcecode.c.objc; path = main.m; sourceTree = "<group>"; };
		2B678F9E1DB9CC4C006EBA23 /* Base */ = {isa = PBXFileReference; lastKnownFileType = file.storyboard; name = Base; path = Base.lproj/Main.storyboard; sourceTree = "<group>"; };
		2B678FA01DB9CC4C006EBA23 /* Assets.xcassets */ = {isa = PBXFileReference; lastKnownFileType = folder.assetcatalog; path = Assets.xcassets; sourceTree = "<group>"; };
		2B678FA31DB9CC4C006EBA23 /* Base */ = {isa = PBXFileReference; lastKnownFileType = file.storyboard; name = Base; path = Base.lproj/LaunchScreen.storyboard; sourceTree = "<group>"; };
		2B678FA51DB9CC4C006EBA23 /* Info.plist */ = {isa = PBXFileReference; lastKnownFileType = text.plist.xml; path = Info.plist; sourceTree = "<group>"; };
		2B678FAA1DB9CC4C006EBA23 /* structure-ocTests.xctest */ = {isa = PBXFileReference; explicitFileType = wrapper.cfbundle; includeInIndex = 0; path = "structure-ocTests.xctest"; sourceTree = BUILT_PRODUCTS_DIR; };
		2B678FAE1DB9CC4C006EBA23 /* structure_ocTests.m */ = {isa = PBXFileReference; lastKnownFileType = sourcecode.c.objc; path = structure_ocTests.m; sourceTree = "<group>"; };
		2B678FB01DB9CC4C006EBA23 /* Info.plist */ = {isa = PBXFileReference; lastKnownFileType = text.plist.xml; path = Info.plist; sourceTree = "<group>"; };
		2B678FB51DB9CC4C006EBA23 /* structure-ocUITests.xctest */ = {isa = PBXFileReference; explicitFileType = wrapper.cfbundle; includeInIndex = 0; path = "structure-ocUITests.xctest"; sourceTree = BUILT_PRODUCTS_DIR; };
		2B678FB91DB9CC4C006EBA23 /* structure_ocUITests.m */ = {isa = PBXFileReference; lastKnownFileType = sourcecode.c.objc; path = structure_ocUITests.m; sourceTree = "<group>"; };
		2B678FBB1DB9CC4C006EBA23 /* Info.plist */ = {isa = PBXFileReference; lastKnownFileType = text.plist.xml; path = Info.plist; sourceTree = "<group>"; };
		2B678FCF1DB9E052006EBA23 /* AppDelegate.h */ = {isa = PBXFileReference; fileEncoding = 4; lastKnownFileType = sourcecode.c.h; path = AppDelegate.h; sourceTree = "<group>"; };
		2B678FD01DB9E052006EBA23 /* AppDelegate.m */ = {isa = PBXFileReference; fileEncoding = 4; lastKnownFileType = sourcecode.c.objc; path = AppDelegate.m; sourceTree = "<group>"; };
		2FEC1E9B76A1697DD1E30C98 /* libPods-structure-ocTests.a */ = {isa = PBXFileReference; explicitFileType = archive.ar; includeInIndex = 0; path = "libPods-structure-ocTests.a"; sourceTree = BUILT_PRODUCTS_DIR; };
		31168D1F2975CF9F7F8B4C9F /* Pods-structure-ocUITests.debug.xcconfig */ = {isa = PBXFileReference; includeInIndex = 1; lastKnownFileType = text.xcconfig; name = "Pods-structure-ocUITests.debug.xcconfig"; path = "Pods/Target Support Files/Pods-structure-ocUITests/Pods-structure-ocUITests.debug.xcconfig"; sourceTree = "<group>"; };
		5650DDA608C4073E79E8D720 /* Pods-structure-ocTests.release.xcconfig */ = {isa = PBXFileReference; includeInIndex = 1; lastKnownFileType = text.xcconfig; name = "Pods-structure-ocTests.release.xcconfig"; path = "Pods/Target Support Files/Pods-structure-ocTests/Pods-structure-ocTests.release.xcconfig"; sourceTree = "<group>"; };
		5C57B3CD3E1710B2C14F8D50 /* Pods-structure-oc.release.xcconfig */ = {isa = PBXFileReference; includeInIndex = 1; lastKnownFileType = text.xcconfig; name = "Pods-structure-oc.release.xcconfig"; path = "Pods/Target Support Files/Pods-structure-oc/Pods-structure-oc.release.xcconfig"; sourceTree = "<group>"; };
		6663E171F6B53572F1A5EB4E /* libPods-structure-ocUITests.a */ = {isa = PBXFileReference; explicitFileType = archive.ar; includeInIndex = 0; path = "libPods-structure-ocUITests.a"; sourceTree = BUILT_PRODUCTS_DIR; };
		83E4FB128BF85312156ED670 /* Pods-structure-ocTests.debug.xcconfig */ = {isa = PBXFileReference; includeInIndex = 1; lastKnownFileType = text.xcconfig; name = "Pods-structure-ocTests.debug.xcconfig"; path = "Pods/Target Support Files/Pods-structure-ocTests/Pods-structure-ocTests.debug.xcconfig"; sourceTree = "<group>"; };
		A2C87F6757883C33DCA49EA3 /* libPods-structure-oc.a */ = {isa = PBXFileReference; explicitFileType = archive.ar; includeInIndex = 0; path = "libPods-structure-oc.a"; sourceTree = BUILT_PRODUCTS_DIR; };
/* End PBXFileReference section */

/* Begin PBXFrameworksBuildPhase section */
		2B678F8E1DB9CC4C006EBA23 /* Frameworks */ = {
			isa = PBXFrameworksBuildPhase;
			buildActionMask = 2147483647;
			files = (
				6F0C6DCCAB6B9BA7A505C860 /* libPods-structure-oc.a in Frameworks */,
			);
			runOnlyForDeploymentPostprocessing = 0;
		};
		2B678FA71DB9CC4C006EBA23 /* Frameworks */ = {
			isa = PBXFrameworksBuildPhase;
			buildActionMask = 2147483647;
			files = (
				C1E0331249FDA1DE6DC67BF7 /* libPods-structure-ocTests.a in Frameworks */,
			);
			runOnlyForDeploymentPostprocessing = 0;
		};
		2B678FB21DB9CC4C006EBA23 /* Frameworks */ = {
			isa = PBXFrameworksBuildPhase;
			buildActionMask = 2147483647;
			files = (
				9CC115354B8790C8261B8F0D /* libPods-structure-ocUITests.a in Frameworks */,
			);
			runOnlyForDeploymentPostprocessing = 0;
		};
/* End PBXFrameworksBuildPhase section */

/* Begin PBXGroup section */
		2B678F881DB9CC4C006EBA23 = {
			isa = PBXGroup;
			children = (
				2B678F931DB9CC4C006EBA23 /* structure-oc */,
				2B678FAD1DB9CC4C006EBA23 /* structure-ocTests */,
				2B678FB81DB9CC4C006EBA23 /* structure-ocUITests */,
				2B678F921DB9CC4C006EBA23 /* Products */,
				C879CCA6CA38CF302C3B25E0 /* Pods */,
				4250A8822929DAB11FC38F4B /* Frameworks */,
			);
			sourceTree = "<group>";
		};
		2B678F921DB9CC4C006EBA23 /* Products */ = {
			isa = PBXGroup;
			children = (
				2B678F911DB9CC4C006EBA23 /* structure-oc.app */,
				2B678FAA1DB9CC4C006EBA23 /* structure-ocTests.xctest */,
				2B678FB51DB9CC4C006EBA23 /* structure-ocUITests.xctest */,
			);
			name = Products;
			sourceTree = "<group>";
		};
		2B678F931DB9CC4C006EBA23 /* structure-oc */ = {
			isa = PBXGroup;
			children = (
				2B678FC71DB9DFDA006EBA23 /* Application */,
				2B678FC81DB9DFDA006EBA23 /* Categories */,
				2B678FC91DB9DFDA006EBA23 /* Common */,
				2B678FCA1DB9DFDA006EBA23 /* Controllers */,
				2B678FCB1DB9DFDA006EBA23 /* Models */,
				2B678FCC1DB9DFDA006EBA23 /* Resources */,
				2B678FCD1DB9DFDA006EBA23 /* Vendor */,
				2B678FCE1DB9DFDA006EBA23 /* Views */,
				2B678F9D1DB9CC4C006EBA23 /* Main.storyboard */,
				2B678FA01DB9CC4C006EBA23 /* Assets.xcassets */,
				2B678FA21DB9CC4C006EBA23 /* LaunchScreen.storyboard */,
				2B678FA51DB9CC4C006EBA23 /* Info.plist */,
				2B678F941DB9CC4C006EBA23 /* Supporting Files */,
			);
			path = "structure-oc";
			sourceTree = "<group>";
		};
		2B678F941DB9CC4C006EBA23 /* Supporting Files */ = {
			isa = PBXGroup;
			children = (
				2B678F951DB9CC4C006EBA23 /* main.m */,
			);
			name = "Supporting Files";
			sourceTree = "<group>";
		};
		2B678FAD1DB9CC4C006EBA23 /* structure-ocTests */ = {
			isa = PBXGroup;
			children = (
				2B678FAE1DB9CC4C006EBA23 /* structure_ocTests.m */,
				2B678FB01DB9CC4C006EBA23 /* Info.plist */,
			);
			path = "structure-ocTests";
			sourceTree = "<group>";
		};
		2B678FB81DB9CC4C006EBA23 /* structure-ocUITests */ = {
			isa = PBXGroup;
			children = (
				2B678FB91DB9CC4C006EBA23 /* structure_ocUITests.m */,
				2B678FBB1DB9CC4C006EBA23 /* Info.plist */,
			);
			path = "structure-ocUITests";
			sourceTree = "<group>";
		};
		2B678FC71DB9DFDA006EBA23 /* Application */ = {
			isa = PBXGroup;
			children = (
				2B678FCF1DB9E052006EBA23 /* AppDelegate.h */,
				2B678FD01DB9E052006EBA23 /* AppDelegate.m */,
			);
			path = Application;
			sourceTree = "<group>";
		};
		2B678FC81DB9DFDA006EBA23 /* Categories */ = {
			isa = PBXGroup;
			children = (
			);
			path = Categories;
			sourceTree = "<group>";
		};
		2B678FC91DB9DFDA006EBA23 /* Common */ = {
			isa = PBXGroup;
			children = (
			);
			path = Common;
			sourceTree = "<group>";
		};
		2B678FCA1DB9DFDA006EBA23 /* Controllers */ = {
			isa = PBXGroup;
			children = (
			);
			path = Controllers;
			sourceTree = "<group>";
		};
		2B678FCB1DB9DFDA006EBA23 /* Models */ = {
			isa = PBXGroup;
			children = (
			);
			path = Models;
			sourceTree = "<group>";
		};
		2B678FCC1DB9DFDA006EBA23 /* Resources */ = {
			isa = PBXGroup;
			children = (
			);
			path = Resources;
			sourceTree = "<group>";
		};
		2B678FCD1DB9DFDA006EBA23 /* Vendor */ = {
			isa = PBXGroup;
			children = (
			);
			path = Vendor;
			sourceTree = "<group>";
		};
		2B678FCE1DB9DFDA006EBA23 /* Views */ = {
			isa = PBXGroup;
			children = (
			);
			path = Views;
			sourceTree = "<group>";
		};
		4250A8822929DAB11FC38F4B /* Frameworks */ = {
			isa = PBXGroup;
			children = (
				A2C87F6757883C33DCA49EA3 /* libPods-structure-oc.a */,
				2FEC1E9B76A1697DD1E30C98 /* libPods-structure-ocTests.a */,
				6663E171F6B53572F1A5EB4E /* libPods-structure-ocUITests.a */,
			);
			name = Frameworks;
			sourceTree = "<group>";
		};
		C879CCA6CA38CF302C3B25E0 /* Pods */ = {
			isa = PBXGroup;
			children = (
				06E0121DAB884BB67673ECEE /* Pods-structure-oc.debug.xcconfig */,
				5C57B3CD3E1710B2C14F8D50 /* Pods-structure-oc.release.xcconfig */,
				83E4FB128BF85312156ED670 /* Pods-structure-ocTests.debug.xcconfig */,
				5650DDA608C4073E79E8D720 /* Pods-structure-ocTests.release.xcconfig */,
				31168D1F2975CF9F7F8B4C9F /* Pods-structure-ocUITests.debug.xcconfig */,
				0050C9F1A1A9D3C1D61618F4 /* Pods-structure-ocUITests.release.xcconfig */,
			);
			name = Pods;
			sourceTree = "<group>";
		};
/* End PBXGroup section */

/* Begin PBXNativeTarget section */
		2B678F901DB9CC4C006EBA23 /* structure-oc */ = {
			isa = PBXNativeTarget;
			buildConfigurationList = 2B678FBE1DB9CC4C006EBA23 /* Build configuration list for PBXNativeTarget "structure-oc" */;
			buildPhases = (
				995C2F1AB9FCA4BE4EC10E4F /* [CP] Check Pods Manifest.lock */,
				2B678F8D1DB9CC4C006EBA23 /* Sources */,
				2B678F8E1DB9CC4C006EBA23 /* Frameworks */,
				2B678F8F1DB9CC4C006EBA23 /* Resources */,
				2B057A49194BA2C5F6D7C10B /* [CP] Embed Pods Frameworks */,
				883FF6A862C2D654F83BAE10 /* [CP] Copy Pods Resources */,
			);
			buildRules = (
			);
			dependencies = (
			);
			name = "structure-oc";
			productName = "structure-oc";
			productReference = 2B678F911DB9CC4C006EBA23 /* structure-oc.app */;
			productType = "com.apple.product-type.application";
		};
		2B678FA91DB9CC4C006EBA23 /* structure-ocTests */ = {
			isa = PBXNativeTarget;
			buildConfigurationList = 2B678FC11DB9CC4C006EBA23 /* Build configuration list for PBXNativeTarget "structure-ocTests" */;
			buildPhases = (
				0973BC1F6C4341C88067C3E4 /* [CP] Check Pods Manifest.lock */,
				2B678FA61DB9CC4C006EBA23 /* Sources */,
				2B678FA71DB9CC4C006EBA23 /* Frameworks */,
				2B678FA81DB9CC4C006EBA23 /* Resources */,
				A4841D6DF7D8C86E2861F535 /* [CP] Embed Pods Frameworks */,
				9FF3CBC7CD2DEE16BBB0B47C /* [CP] Copy Pods Resources */,
			);
			buildRules = (
			);
			dependencies = (
				2B678FAC1DB9CC4C006EBA23 /* PBXTargetDependency */,
			);
			name = "structure-ocTests";
			productName = "structure-ocTests";
			productReference = 2B678FAA1DB9CC4C006EBA23 /* structure-ocTests.xctest */;
			productType = "com.apple.product-type.bundle.unit-test";
		};
		2B678FB41DB9CC4C006EBA23 /* structure-ocUITests */ = {
			isa = PBXNativeTarget;
			buildConfigurationList = 2B678FC41DB9CC4C006EBA23 /* Build configuration list for PBXNativeTarget "structure-ocUITests" */;
			buildPhases = (
				9EB32857978B58DDB8C15365 /* [CP] Check Pods Manifest.lock */,
				2B678FB11DB9CC4C006EBA23 /* Sources */,
				2B678FB21DB9CC4C006EBA23 /* Frameworks */,
				2B678FB31DB9CC4C006EBA23 /* Resources */,
				719E854D7F2F0538AB075971 /* [CP] Copy Pods Resources */,
			);
			buildRules = (
			);
			dependencies = (
				2B678FB71DB9CC4C006EBA23 /* PBXTargetDependency */,
			);
			name = "structure-ocUITests";
			productName = "structure-ocUITests";
			productReference = 2B678FB51DB9CC4C006EBA23 /* structure-ocUITests.xctest */;
			productType = "com.apple.product-type.bundle.ui-testing";
		};
/* End PBXNativeTarget section */

/* Begin PBXProject section */
		2B678F891DB9CC4C006EBA23 /* Project object */ = {
			isa = PBXProject;
			attributes = {
				LastUpgradeCheck = 0800;
				ORGANIZATIONNAME = oxape;
				TargetAttributes = {
					2B678F901DB9CC4C006EBA23 = {
						CreatedOnToolsVersion = 8.0;
						DevelopmentTeam = 2MBCXRJ4S3;
						ProvisioningStyle = Automatic;
					};
					2B678FA91DB9CC4C006EBA23 = {
						CreatedOnToolsVersion = 8.0;
						DevelopmentTeam = 2MBCXRJ4S3;
						ProvisioningStyle = Automatic;
						TestTargetID = 2B678F901DB9CC4C006EBA23;
					};
					2B678FB41DB9CC4C006EBA23 = {
						CreatedOnToolsVersion = 8.0;
						DevelopmentTeam = 2MBCXRJ4S3;
						ProvisioningStyle = Automatic;
						TestTargetID = 2B678F901DB9CC4C006EBA23;
					};
				};
			};
			buildConfigurationList = 2B678F8C1DB9CC4C006EBA23 /* Build configuration list for PBXProject "structure-oc" */;
			compatibilityVersion = "Xcode 3.2";
			developmentRegion = English;
			hasScannedForEncodings = 0;
			knownRegions = (
				en,
				Base,
			);
			mainGroup = 2B678F881DB9CC4C006EBA23;
			productRefGroup = 2B678F921DB9CC4C006EBA23 /* Products */;
			projectDirPath = "";
			projectRoot = "";
			targets = (
				2B678F901DB9CC4C006EBA23 /* structure-oc */,
				2B678FA91DB9CC4C006EBA23 /* structure-ocTests */,
				2B678FB41DB9CC4C006EBA23 /* structure-ocUITests */,
			);
		};
/* End PBXProject section */

/* Begin PBXResourcesBuildPhase section */
		2B678F8F1DB9CC4C006EBA23 /* Resources */ = {
			isa = PBXResourcesBuildPhase;
			buildActionMask = 2147483647;
			files = (
				2B678FA41DB9CC4C006EBA23 /* LaunchScreen.storyboard in Resources */,
				2B678FA11DB9CC4C006EBA23 /* Assets.xcassets in Resources */,
				2B678F9F1DB9CC4C006EBA23 /* Main.storyboard in Resources */,
			);
			runOnlyForDeploymentPostprocessing = 0;
		};
		2B678FA81DB9CC4C006EBA23 /* Resources */ = {
			isa = PBXResourcesBuildPhase;
			buildActionMask = 2147483647;
			files = (
			);
			runOnlyForDeploymentPostprocessing = 0;
		};
		2B678FB31DB9CC4C006EBA23 /* Resources */ = {
			isa = PBXResourcesBuildPhase;
			buildActionMask = 2147483647;
			files = (
			);
			runOnlyForDeploymentPostprocessing = 0;
		};
/* End PBXResourcesBuildPhase section */

/* Begin PBXShellScriptBuildPhase section */
		0973BC1F6C4341C88067C3E4 /* [CP] Check Pods Manifest.lock */ = {
			isa = PBXShellScriptBuildPhase;
			buildActionMask = 2147483647;
			files = (
			);
			inputPaths = (
			);
			name = "[CP] Check Pods Manifest.lock";
			outputPaths = (
			);
			runOnlyForDeploymentPostprocessing = 0;
			shellPath = /bin/sh;
			shellScript = "diff \"${PODS_ROOT}/../Podfile.lock\" \"${PODS_ROOT}/Manifest.lock\" > /dev/null\nif [[ $? != 0 ]] ; then\n    cat << EOM\nerror: The sandbox is not in sync with the Podfile.lock. Run 'pod install' or update your CocoaPods installation.\nEOM\n    exit 1\nfi\n";
			showEnvVarsInLog = 0;
		};
		2B057A49194BA2C5F6D7C10B /* [CP] Embed Pods Frameworks */ = {
			isa = PBXShellScriptBuildPhase;
			buildActionMask = 2147483647;
			files = (
			);
			inputPaths = (
			);
			name = "[CP] Embed Pods Frameworks";
			outputPaths = (
			);
			runOnlyForDeploymentPostprocessing = 0;
			shellPath = /bin/sh;
			shellScript = "\"${SRCROOT}/Pods/Target Support Files/Pods-structure-oc/Pods-structure-oc-frameworks.sh\"\n";
			showEnvVarsInLog = 0;
		};
		719E854D7F2F0538AB075971 /* [CP] Copy Pods Resources */ = {
			isa = PBXShellScriptBuildPhase;
			buildActionMask = 2147483647;
			files = (
			);
			inputPaths = (
			);
			name = "[CP] Copy Pods Resources";
			outputPaths = (
			);
			runOnlyForDeploymentPostprocessing = 0;
			shellPath = /bin/sh;
			shellScript = "\"${SRCROOT}/Pods/Target Support Files/Pods-structure-ocUITests/Pods-structure-ocUITests-resources.sh\"\n";
			showEnvVarsInLog = 0;
		};
		883FF6A862C2D654F83BAE10 /* [CP] Copy Pods Resources */ = {
			isa = PBXShellScriptBuildPhase;
			buildActionMask = 2147483647;
			files = (
			);
			inputPaths = (
			);
			name = "[CP] Copy Pods Resources";
			outputPaths = (
			);
			runOnlyForDeploymentPostprocessing = 0;
			shellPath = /bin/sh;
			shellScript = "\"${SRCROOT}/Pods/Target Support Files/Pods-structure-oc/Pods-structure-oc-resources.sh\"\n";
			showEnvVarsInLog = 0;
		};
		995C2F1AB9FCA4BE4EC10E4F /* [CP] Check Pods Manifest.lock */ = {
			isa = PBXShellScriptBuildPhase;
			buildActionMask = 2147483647;
			files = (
			);
			inputPaths = (
			);
			name = "[CP] Check Pods Manifest.lock";
			outputPaths = (
			);
			runOnlyForDeploymentPostprocessing = 0;
			shellPath = /bin/sh;
			shellScript = "diff \"${PODS_ROOT}/../Podfile.lock\" \"${PODS_ROOT}/Manifest.lock\" > /dev/null\nif [[ $? != 0 ]] ; then\n    cat << EOM\nerror: The sandbox is not in sync with the Podfile.lock. Run 'pod install' or update your CocoaPods installation.\nEOM\n    exit 1\nfi\n";
			showEnvVarsInLog = 0;
		};
		9EB32857978B58DDB8C15365 /* [CP] Check Pods Manifest.lock */ = {
			isa = PBXShellScriptBuildPhase;
			buildActionMask = 2147483647;
			files = (
			);
			inputPaths = (
			);
			name = "[CP] Check Pods Manifest.lock";
			outputPaths = (
			);
			runOnlyForDeploymentPostprocessing = 0;
			shellPath = /bin/sh;
			shellScript = "diff \"${PODS_ROOT}/../Podfile.lock\" \"${PODS_ROOT}/Manifest.lock\" > /dev/null\nif [[ $? != 0 ]] ; then\n    cat << EOM\nerror: The sandbox is not in sync with the Podfile.lock. Run 'pod install' or update your CocoaPods installation.\nEOM\n    exit 1\nfi\n";
			showEnvVarsInLog = 0;
		};
		9FF3CBC7CD2DEE16BBB0B47C /* [CP] Copy Pods Resources */ = {
			isa = PBXShellScriptBuildPhase;
			buildActionMask = 2147483647;
			files = (
			);
			inputPaths = (
			);
			name = "[CP] Copy Pods Resources";
			outputPaths = (
			);
			runOnlyForDeploymentPostprocessing = 0;
			shellPath = /bin/sh;
			shellScript = "\"${SRCROOT}/Pods/Target Support Files/Pods-structure-ocTests/Pods-structure-ocTests-resources.sh\"\n";
			showEnvVarsInLog = 0;
		};
		A4841D6DF7D8C86E2861F535 /* [CP] Embed Pods Frameworks */ = {
			isa = PBXShellScriptBuildPhase;
			buildActionMask = 2147483647;
			files = (
			);
			inputPaths = (
			);
			name = "[CP] Embed Pods Frameworks";
			outputPaths = (
			);
			runOnlyForDeploymentPostprocessing = 0;
			shellPath = /bin/sh;
			shellScript = "\"${SRCROOT}/Pods/Target Support Files/Pods-structure-ocTests/Pods-structure-ocTests-frameworks.sh\"\n";
			showEnvVarsInLog = 0;
		};
/* End PBXShellScriptBuildPhase section */

/* Begin PBXSourcesBuildPhase section */
		2B678F8D1DB9CC4C006EBA23 /* Sources */ = {
			isa = PBXSourcesBuildPhase;
			buildActionMask = 2147483647;
			files = (
				2B678F961DB9CC4C006EBA23 /* main.m in Sources */,
				2B678FD11DB9E052006EBA23 /* AppDelegate.m in Sources */,
			);
			runOnlyForDeploymentPostprocessing = 0;
		};
		2B678FA61DB9CC4C006EBA23 /* Sources */ = {
			isa = PBXSourcesBuildPhase;
			buildActionMask = 2147483647;
			files = (
				2B678FAF1DB9CC4C006EBA23 /* structure_ocTests.m in Sources */,
			);
			runOnlyForDeploymentPostprocessing = 0;
		};
		2B678FB11DB9CC4C006EBA23 /* Sources */ = {
			isa = PBXSourcesBuildPhase;
			buildActionMask = 2147483647;
			files = (
				2B678FBA1DB9CC4C006EBA23 /* structure_ocUITests.m in Sources */,
			);
			runOnlyForDeploymentPostprocessing = 0;
		};
/* End PBXSourcesBuildPhase section */

/* Begin PBXTargetDependency section */
		2B678FAC1DB9CC4C006EBA23 /* PBXTargetDependency */ = {
			isa = PBXTargetDependency;
			target = 2B678F901DB9CC4C006EBA23 /* structure-oc */;
			targetProxy = 2B678FAB1DB9CC4C006EBA23 /* PBXContainerItemProxy */;
		};
		2B678FB71DB9CC4C006EBA23 /* PBXTargetDependency */ = {
			isa = PBXTargetDependency;
			target = 2B678F901DB9CC4C006EBA23 /* structure-oc */;
			targetProxy = 2B678FB61DB9CC4C006EBA23 /* PBXContainerItemProxy */;
		};
/* End PBXTargetDependency section */

/* Begin PBXVariantGroup section */
		2B678F9D1DB9CC4C006EBA23 /* Main.storyboard */ = {
			isa = PBXVariantGroup;
			children = (
				2B678F9E1DB9CC4C006EBA23 /* Base */,
			);
			name = Main.storyboard;
			sourceTree = "<group>";
		};
		2B678FA21DB9CC4C006EBA23 /* LaunchScreen.storyboard */ = {
			isa = PBXVariantGroup;
			children = (
				2B678FA31DB9CC4C006EBA23 /* Base */,
			);
			name = LaunchScreen.storyboard;
			sourceTree = "<group>";
		};
/* End PBXVariantGroup section */

/* Begin XCBuildConfiguration section */
		2B678FBC1DB9CC4C006EBA23 /* Debug */ = {
			isa = XCBuildConfiguration;
			buildSettings = {
				ALWAYS_SEARCH_USER_PATHS = NO;
				CLANG_ANALYZER_NONNULL = YES;
				CLANG_CXX_LANGUAGE_STANDARD = "gnu++0x";
				CLANG_CXX_LIBRARY = "libc++";
				CLANG_ENABLE_MODULES = YES;
				CLANG_ENABLE_OBJC_ARC = YES;
				CLANG_WARN_BOOL_CONVERSION = YES;
				CLANG_WARN_CONSTANT_CONVERSION = YES;
				CLANG_WARN_DIRECT_OBJC_ISA_USAGE = YES_ERROR;
				CLANG_WARN_DOCUMENTATION_COMMENTS = YES;
				CLANG_WARN_EMPTY_BODY = YES;
				CLANG_WARN_ENUM_CONVERSION = YES;
				CLANG_WARN_INFINITE_RECURSION = YES;
				CLANG_WARN_INT_CONVERSION = YES;
				CLANG_WARN_OBJC_ROOT_CLASS = YES_ERROR;
				CLANG_WARN_SUSPICIOUS_MOVES = YES;
				CLANG_WARN_UNREACHABLE_CODE = YES;
				CLANG_WARN__DUPLICATE_METHOD_MATCH = YES;
				"CODE_SIGN_IDENTITY[sdk=iphoneos*]" = "iPhone Developer";
				COPY_PHASE_STRIP = NO;
				DEBUG_INFORMATION_FORMAT = dwarf;
				ENABLE_STRICT_OBJC_MSGSEND = YES;
				ENABLE_TESTABILITY = YES;
				GCC_C_LANGUAGE_STANDARD = gnu99;
				GCC_DYNAMIC_NO_PIC = NO;
				GCC_NO_COMMON_BLOCKS = YES;
				GCC_OPTIMIZATION_LEVEL = 0;
				GCC_PREPROCESSOR_DEFINITIONS = (
					"DEBUG=1",
					"$(inherited)",
				);
				GCC_WARN_64_TO_32_BIT_CONVERSION = YES;
				GCC_WARN_ABOUT_RETURN_TYPE = YES_ERROR;
				GCC_WARN_UNDECLARED_SELECTOR = YES;
				GCC_WARN_UNINITIALIZED_AUTOS = YES_AGGRESSIVE;
				GCC_WARN_UNUSED_FUNCTION = YES;
				GCC_WARN_UNUSED_VARIABLE = YES;
				IPHONEOS_DEPLOYMENT_TARGET = 10.0;
				MTL_ENABLE_DEBUG_INFO = YES;
				ONLY_ACTIVE_ARCH = YES;
				SDKROOT = iphoneos;
			};
			name = Debug;
		};
		2B678FBD1DB9CC4C006EBA23 /* Release */ = {
			isa = XCBuildConfiguration;
			buildSettings = {
				ALWAYS_SEARCH_USER_PATHS = NO;
				CLANG_ANALYZER_NONNULL = YES;
				CLANG_CXX_LANGUAGE_STANDARD = "gnu++0x";
				CLANG_CXX_LIBRARY = "libc++";
				CLANG_ENABLE_MODULES = YES;
				CLANG_ENABLE_OBJC_ARC = YES;
				CLANG_WARN_BOOL_CONVERSION = YES;
				CLANG_WARN_CONSTANT_CONVERSION = YES;
				CLANG_WARN_DIRECT_OBJC_ISA_USAGE = YES_ERROR;
				CLANG_WARN_DOCUMENTATION_COMMENTS = YES;
				CLANG_WARN_EMPTY_BODY = YES;
				CLANG_WARN_ENUM_CONVERSION = YES;
				CLANG_WARN_INFINITE_RECURSION = YES;
				CLANG_WARN_INT_CONVERSION = YES;
				CLANG_WARN_OBJC_ROOT_CLASS = YES_ERROR;
				CLANG_WARN_SUSPICIOUS_MOVES = YES;
				CLANG_WARN_UNREACHABLE_CODE = YES;
				CLANG_WARN__DUPLICATE_METHOD_MATCH = YES;
				"CODE_SIGN_IDENTITY[sdk=iphoneos*]" = "iPhone Developer";
				COPY_PHASE_STRIP = NO;
				DEBUG_INFORMATION_FORMAT = "dwarf-with-dsym";
				ENABLE_NS_ASSERTIONS = NO;
				ENABLE_STRICT_OBJC_MSGSEND = YES;
				GCC_C_LANGUAGE_STANDARD = gnu99;
				GCC_NO_COMMON_BLOCKS = YES;
				GCC_WARN_64_TO_32_BIT_CONVERSION = YES;
				GCC_WARN_ABOUT_RETURN_TYPE = YES_ERROR;
				GCC_WARN_UNDECLARED_SELECTOR = YES;
				GCC_WARN_UNINITIALIZED_AUTOS = YES_AGGRESSIVE;
				GCC_WARN_UNUSED_FUNCTION = YES;
				GCC_WARN_UNUSED_VARIABLE = YES;
				IPHONEOS_DEPLOYMENT_TARGET = 10.0;
				MTL_ENABLE_DEBUG_INFO = NO;
				SDKROOT = iphoneos;
				VALIDATE_PRODUCT = YES;
			};
			name = Release;
		};
		2B678FBF1DB9CC4C006EBA23 /* Debug */ = {
			isa = XCBuildConfiguration;
			baseConfigurationReference = 06E0121DAB884BB67673ECEE /* Pods-structure-oc.debug.xcconfig */;
			buildSettings = {
				ASSETCATALOG_COMPILER_APPICON_NAME = AppIcon;
				DEVELOPMENT_TEAM = 2MBCXRJ4S3;
				INFOPLIST_FILE = "structure-oc/Info.plist";
				LD_RUNPATH_SEARCH_PATHS = "$(inherited) @executable_path/Frameworks";
				PRODUCT_BUNDLE_IDENTIFIER = "com.oxape.structure-oc";
				PRODUCT_NAME = "$(TARGET_NAME)";
			};
			name = Debug;
		};
		2B678FC01DB9CC4C006EBA23 /* Release */ = {
			isa = XCBuildConfiguration;
			baseConfigurationReference = 5C57B3CD3E1710B2C14F8D50 /* Pods-structure-oc.release.xcconfig */;
			buildSettings = {
				ASSETCATALOG_COMPILER_APPICON_NAME = AppIcon;
				DEVELOPMENT_TEAM = 2MBCXRJ4S3;
				INFOPLIST_FILE = "structure-oc/Info.plist";
				LD_RUNPATH_SEARCH_PATHS = "$(inherited) @executable_path/Frameworks";
				PRODUCT_BUNDLE_IDENTIFIER = "com.oxape.structure-oc";
				PRODUCT_NAME = "$(TARGET_NAME)";
			};
			name = Release;
		};
		2B678FC21DB9CC4C006EBA23 /* Debug */ = {
			isa = XCBuildConfiguration;
			baseConfigurationReference = 83E4FB128BF85312156ED670 /* Pods-structure-ocTests.debug.xcconfig */;
			buildSettings = {
				BUNDLE_LOADER = "$(TEST_HOST)";
				DEVELOPMENT_TEAM = 2MBCXRJ4S3;
				INFOPLIST_FILE = "structure-ocTests/Info.plist";
				LD_RUNPATH_SEARCH_PATHS = "$(inherited) @executable_path/Frameworks @loader_path/Frameworks";
				PRODUCT_BUNDLE_IDENTIFIER = "com.oxape.structure-ocTests";
				PRODUCT_NAME = "$(TARGET_NAME)";
				TEST_HOST = "$(BUILT_PRODUCTS_DIR)/structure-oc.app/structure-oc";
			};
			name = Debug;
		};
		2B678FC31DB9CC4C006EBA23 /* Release */ = {
			isa = XCBuildConfiguration;
			baseConfigurationReference = 5650DDA608C4073E79E8D720 /* Pods-structure-ocTests.release.xcconfig */;
			buildSettings = {
				BUNDLE_LOADER = "$(TEST_HOST)";
				DEVELOPMENT_TEAM = 2MBCXRJ4S3;
				INFOPLIST_FILE = "structure-ocTests/Info.plist";
				LD_RUNPATH_SEARCH_PATHS = "$(inherited) @executable_path/Frameworks @loader_path/Frameworks";
				PRODUCT_BUNDLE_IDENTIFIER = "com.oxape.structure-ocTests";
				PRODUCT_NAME = "$(TARGET_NAME)";
				TEST_HOST = "$(BUILT_PRODUCTS_DIR)/structure-oc.app/structure-oc";
			};
			name = Release;
		};
		2B678FC51DB9CC4C006EBA23 /* Debug */ = {
			isa = XCBuildConfiguration;
			baseConfigurationReference = 31168D1F2975CF9F7F8B4C9F /* Pods-structure-ocUITests.debug.xcconfig */;
			buildSettings = {
				DEVELOPMENT_TEAM = 2MBCXRJ4S3;
				INFOPLIST_FILE = "structure-ocUITests/Info.plist";
				LD_RUNPATH_SEARCH_PATHS = "$(inherited) @executable_path/Frameworks @loader_path/Frameworks";
				PRODUCT_BUNDLE_IDENTIFIER = "com.oxape.structure-ocUITests";
				PRODUCT_NAME = "$(TARGET_NAME)";
				TEST_TARGET_NAME = "structure-oc";
			};
			name = Debug;
		};
		2B678FC61DB9CC4C006EBA23 /* Release */ = {
			isa = XCBuildConfiguration;
			baseConfigurationReference = 0050C9F1A1A9D3C1D61618F4 /* Pods-structure-ocUITests.release.xcconfig */;
			buildSettings = {
				DEVELOPMENT_TEAM = 2MBCXRJ4S3;
				INFOPLIST_FILE = "structure-ocUITests/Info.plist";
				LD_RUNPATH_SEARCH_PATHS = "$(inherited) @executable_path/Frameworks @loader_path/Frameworks";
				PRODUCT_BUNDLE_IDENTIFIER = "com.oxape.structure-ocUITests";
				PRODUCT_NAME = "$(TARGET_NAME)";
				TEST_TARGET_NAME = "structure-oc";
			};
			name = Release;
		};
/* End XCBuildConfiguration section */

/* Begin XCConfigurationList section */
		2B678F8C1DB9CC4C006EBA23 /* Build configuration list for PBXProject "structure-oc" */ = {
			isa = XCConfigurationList;
			buildConfigurations = (
				2B678FBC1DB9CC4C006EBA23 /* Debug */,
				2B678FBD1DB9CC4C006EBA23 /* Release */,
			);
			defaultConfigurationIsVisible = 0;
			defaultConfigurationName = Release;
		};
		2B678FBE1DB9CC4C006EBA23 /* Build configuration list for PBXNativeTarget "structure-oc" */ = {
			isa = XCConfigurationList;
			buildConfigurations = (
				2B678FBF1DB9CC4C006EBA23 /* Debug */,
				2B678FC01DB9CC4C006EBA23 /* Release */,
			);
			defaultConfigurationIsVisible = 0;
			defaultConfigurationName = Release;
		};
		2B678FC11DB9CC4C006EBA23 /* Build configuration list for PBXNativeTarget "structure-ocTests" */ = {
			isa = XCConfigurationList;
			buildConfigurations = (
				2B678FC21DB9CC4C006EBA23 /* Debug */,
				2B678FC31DB9CC4C006EBA23 /* Release */,
			);
			defaultConfigurationIsVisible = 0;
			defaultConfigurationName = Release;
		};
		2B678FC41DB9CC4C006EBA23 /* Build configuration list for PBXNativeTarget "structure-ocUITests" */ = {
			isa = XCConfigurationList;
			buildConfigurations = (
				2B678FC51DB9CC4C006EBA23 /* Debug */,
				2B678FC61DB9CC4C006EBA23 /* Release */,
			);
			defaultConfigurationIsVisible = 0;
			defaultConfigurationName = Release;
		};
/* End XCConfigurationList section */
	};
	rootObject = 2B678F891DB9CC4C006EBA23 /* Project object */;
}
